
Microsoft Visual Studio Solution File, Format Version 12.00
# Visual Studio Version 17
VisualStudioVersion = 17.7.34031.279
MinimumVisualStudioVersion = 10.0.40219.1
Project("{FAE04EC0-301F-11D3-BF4B-00C04F79EFBC}") = "Prelims.Cipher.Me", "Prelims.Cipher.Me\Prelims.Cipher.Me.csproj", "{39CE40C8-AF69-4253-971A-F54F1364F1E7}"
EndProject
Global
	GlobalSection(SolutionConfigurationPlatforms) = preSolution
		Debug|Any CPU = Debug|Any CPU
		Release|Any CPU = Release|Any CPU
	EndGlobalSection
	GlobalSection(ProjectConfigurationPlatforms) = postSolution
		{39CE40C8-AF69-4253-971A-F54F1364F1E7}.Debug|Any CPU.ActiveCfg = Debug|Any CPU
		{39CE40C8-AF69-4253-971A-F54F1364F1E7}.Debug|Any CPU.Build.0 = Debug|Any CPU
		{39CE40C8-AF69-4253-971A-F54F1364F1E7}.Release|Any CPU.ActiveCfg = Release|Any CPU
		{39CE40C8-AF69-4253-971A-F54F1364F1E7}.Release|Any CPU.Build.0 = Release|Any CPU
	EndGlobalSection
	GlobalSection(SolutionProperties) = preSolution
		HideSolutionNode = FALSE
	EndGlobalSection
	GlobalSection(ExtensibilityGlobals) = postSolution
		SolutionGuid = {9FE64BAE-D0F7-4360-8BE1-F392ED08B64D}
	EndGlobalSection
EndGlobal
